
Microsoft Visual Studio Solution File, Format Version 12.00
# Visual Studio Version 17
VisualStudioVersion = 17.11.35327.3
MinimumVisualStudioVersion = 10.0.40219.1
Project("{9A19103F-16F7-4668-BE54-9A1E7A4F7556}") = "RentACarDotNetCore", "RentACarDotNetCore\RentACarDotNetCore.csproj", "{201C880C-1FFD-4CF3-A6E9-BE455AA1C554}"
EndProject
Project("{FAE04EC0-301F-11D3-BF4B-00C04F79EFBC}") = "RedisEntegrationBusinessDotNetCore", "RedisEntegrationBusinessDotNetCore\RedisEntegrationBusinessDotNetCore.csproj", "{0D2DF345-3C32-4FDE-9244-48B737BFF218}"
EndProject
Project("{FAE04EC0-301F-11D3-BF4B-00C04F79EFBC}") = "RabbitMQ", "RabbitMQ\RabbitMQ.csproj", "{7589C06D-4978-4380-A248-56DE2D8B49B5}"
EndProject
Project("{FAE04EC0-301F-11D3-BF4B-00C04F79EFBC}") = "EmailService", "EmailService\EmailService.csproj", "{624A1801-3559-4C83-95E0-DCA687505AEE}"
EndProject
Global
	GlobalSection(SolutionConfigurationPlatforms) = preSolution
		Debug|Any CPU = Debug|Any CPU
		Release|Any CPU = Release|Any CPU
	EndGlobalSection
	GlobalSection(ProjectConfigurationPlatforms) = postSolution
		{201C880C-1FFD-4CF3-A6E9-BE455AA1C554}.Debug|Any CPU.ActiveCfg = Debug|Any CPU
		{201C880C-1FFD-4CF3-A6E9-BE455AA1C554}.Debug|Any CPU.Build.0 = Debug|Any CPU
		{201C880C-1FFD-4CF3-A6E9-BE455AA1C554}.Release|Any CPU.ActiveCfg = Release|Any CPU
		{201C880C-1FFD-4CF3-A6E9-BE455AA1C554}.Release|Any CPU.Build.0 = Release|Any CPU
		{0D2DF345-3C32-4FDE-9244-48B737BFF218}.Debug|Any CPU.ActiveCfg = Debug|Any CPU
		{0D2DF345-3C32-4FDE-9244-48B737BFF218}.Debug|Any CPU.Build.0 = Debug|Any CPU
		{0D2DF345-3C32-4FDE-9244-48B737BFF218}.Release|Any CPU.ActiveCfg = Release|Any CPU
		{0D2DF345-3C32-4FDE-9244-48B737BFF218}.Release|Any CPU.Build.0 = Release|Any CPU
		{7589C06D-4978-4380-A248-56DE2D8B49B5}.Debug|Any CPU.ActiveCfg = Debug|Any CPU
		{7589C06D-4978-4380-A248-56DE2D8B49B5}.Debug|Any CPU.Build.0 = Debug|Any CPU
		{7589C06D-4978-4380-A248-56DE2D8B49B5}.Release|Any CPU.ActiveCfg = Release|Any CPU
		{7589C06D-4978-4380-A248-56DE2D8B49B5}.Release|Any CPU.Build.0 = Release|Any CPU
		{624A1801-3559-4C83-95E0-DCA687505AEE}.Debug|Any CPU.ActiveCfg = Debug|Any CPU
		{624A1801-3559-4C83-95E0-DCA687505AEE}.Debug|Any CPU.Build.0 = Debug|Any CPU
		{624A1801-3559-4C83-95E0-DCA687505AEE}.Release|Any CPU.ActiveCfg = Release|Any CPU
		{624A1801-3559-4C83-95E0-DCA687505AEE}.Release|Any CPU.Build.0 = Release|Any CPU
	EndGlobalSection
	GlobalSection(SolutionProperties) = preSolution
		HideSolutionNode = FALSE
	EndGlobalSection
	GlobalSection(ExtensibilityGlobals) = postSolution
		SolutionGuid = {711D2214-DDA4-4FAF-AE71-019D37E0BE6F}
	EndGlobalSection
EndGlobal
